
Microsoft Visual Studio Solution File, Format Version 11.00
# Visual Studio 2010
Project("{2150E333-8FDC-42A3-9474-1A3956D46DE8}") = "Examples", "Examples", "{4F0BCB32-2575-443D-B59B-BC7069403F2C}"
EndProject
Project("{FAE04EC0-301F-11D3-BF4B-00C04F79EFBC}") = "Example.Web", "Example.Web\Example.Web.csproj", "{80733FA4-B825-4983-94B5-EAB9A440692F}"
EndProject
Global
	GlobalSection(SolutionConfigurationPlatforms) = preSolution
		Debug|Any CPU = Debug|Any CPU
		Release|Any CPU = Release|Any CPU
	EndGlobalSection
	GlobalSection(ProjectConfigurationPlatforms) = postSolution
		{80733FA4-B825-4983-94B5-EAB9A440692F}.Debug|Any CPU.ActiveCfg = Debug|Any CPU
		{80733FA4-B825-4983-94B5-EAB9A440692F}.Debug|Any CPU.Build.0 = Debug|Any CPU
		{80733FA4-B825-4983-94B5-EAB9A440692F}.Release|Any CPU.ActiveCfg = Release|Any CPU
		{80733FA4-B825-4983-94B5-EAB9A440692F}.Release|Any CPU.Build.0 = Release|Any CPU
	EndGlobalSection
	GlobalSection(SolutionProperties) = preSolution
		HideSolutionNode = FALSE
	EndGlobalSection
	GlobalSection(NestedProjects) = preSolution
		{80733FA4-B825-4983-94B5-EAB9A440692F} = {4F0BCB32-2575-443D-B59B-BC7069403F2C}
	EndGlobalSection
EndGlobal
