
Microsoft Visual Studio Solution File, Format Version 10.00
# Visual Studio 2008
Project("{FAE04EC0-301F-11D3-BF4B-00C04F79EFBC}") = "Core", "Core\Core.csproj", "{29970407-AEFA-4FAD-A337-7EB9E0BB51C1}"
EndProject
Project("{FAE04EC0-301F-11D3-BF4B-00C04F79EFBC}") = "Services", "Services\Services.csproj", "{654812CF-D009-4420-B9EC-D07B030926A1}"
EndProject
Project("{FAE04EC0-301F-11D3-BF4B-00C04F79EFBC}") = "Core.Tests", "Core.Tests\Core.Tests.csproj", "{7B1A1712-034C-4685-A7E0-DF14789D4C94}"
EndProject
Project("{2150E333-8FDC-42A3-9474-1A3956D46DE8}") = "Tests", "Tests", "{2F70EFC9-498C-4D69-85EB-2395D88FFBA5}"
EndProject
Project("{FAE04EC0-301F-11D3-BF4B-00C04F79EFBC}") = "Services.Tests", "Services.Tests\Services.Tests.csproj", "{BB5F66AC-286B-4BA5-86EC-6DED28426132}"
EndProject
Project("{2150E333-8FDC-42A3-9474-1A3956D46DE8}") = "Build", "Build", "{891021E5-7521-4F93-9946-B7B630DF3192}"
	ProjectSection(SolutionItems) = preProject
		..\build-quick.bat = ..\build-quick.bat
		..\build-release.bat = ..\build-release.bat
		..\clean.bat = ..\clean.bat
		geocoding.build = geocoding.build
		..\how-to-build.txt = ..\how-to-build.txt
	EndProjectSection
EndProject
Global
	GlobalSection(SolutionConfigurationPlatforms) = preSolution
		Debug|Any CPU = Debug|Any CPU
		Release|Any CPU = Release|Any CPU
	EndGlobalSection
	GlobalSection(ProjectConfigurationPlatforms) = postSolution
		{29970407-AEFA-4FAD-A337-7EB9E0BB51C1}.Debug|Any CPU.ActiveCfg = Debug|Any CPU
		{29970407-AEFA-4FAD-A337-7EB9E0BB51C1}.Debug|Any CPU.Build.0 = Debug|Any CPU
		{29970407-AEFA-4FAD-A337-7EB9E0BB51C1}.Release|Any CPU.ActiveCfg = Release|Any CPU
		{29970407-AEFA-4FAD-A337-7EB9E0BB51C1}.Release|Any CPU.Build.0 = Release|Any CPU
		{654812CF-D009-4420-B9EC-D07B030926A1}.Debug|Any CPU.ActiveCfg = Debug|Any CPU
		{654812CF-D009-4420-B9EC-D07B030926A1}.Debug|Any CPU.Build.0 = Debug|Any CPU
		{654812CF-D009-4420-B9EC-D07B030926A1}.Release|Any CPU.ActiveCfg = Release|Any CPU
		{654812CF-D009-4420-B9EC-D07B030926A1}.Release|Any CPU.Build.0 = Release|Any CPU
		{7B1A1712-034C-4685-A7E0-DF14789D4C94}.Debug|Any CPU.ActiveCfg = Debug|Any CPU
		{7B1A1712-034C-4685-A7E0-DF14789D4C94}.Debug|Any CPU.Build.0 = Debug|Any CPU
		{7B1A1712-034C-4685-A7E0-DF14789D4C94}.Release|Any CPU.ActiveCfg = Release|Any CPU
		{7B1A1712-034C-4685-A7E0-DF14789D4C94}.Release|Any CPU.Build.0 = Release|Any CPU
		{BB5F66AC-286B-4BA5-86EC-6DED28426132}.Debug|Any CPU.ActiveCfg = Debug|Any CPU
		{BB5F66AC-286B-4BA5-86EC-6DED28426132}.Debug|Any CPU.Build.0 = Debug|Any CPU
		{BB5F66AC-286B-4BA5-86EC-6DED28426132}.Release|Any CPU.ActiveCfg = Release|Any CPU
		{BB5F66AC-286B-4BA5-86EC-6DED28426132}.Release|Any CPU.Build.0 = Release|Any CPU
	EndGlobalSection
	GlobalSection(SolutionProperties) = preSolution
		HideSolutionNode = FALSE
	EndGlobalSection
	GlobalSection(NestedProjects) = preSolution
		{7B1A1712-034C-4685-A7E0-DF14789D4C94} = {2F70EFC9-498C-4D69-85EB-2395D88FFBA5}
		{BB5F66AC-286B-4BA5-86EC-6DED28426132} = {2F70EFC9-498C-4D69-85EB-2395D88FFBA5}
	EndGlobalSection
EndGlobal
